Microsoft Visual Studio Solution File, Format Version 12.00
# Visual Studio Version 17
VisualStudioVersion = 17.5.2.0
MinimumVisualStudioVersion = 10.0.40219.1
Project("{FAE04EC0-301F-11D3-BF4B-00C04F79EFBC}") = "ConsoleAppLearning", "ConsoleAppLearning.csproj", "{90A1C4E0-35B8-159C-E019-8AEDF8CE4398}"
EndProject
Global
	GlobalSection(SolutionConfigurationPlatforms) = preSolution
		Debug|Any CPU = Debug|Any CPU
		Release|Any CPU = Release|Any CPU
	EndGlobalSection
	GlobalSection(ProjectConfigurationPlatforms) = postSolution
		{90A1C4E0-35B8-159C-E019-8AEDF8CE4398}.Debug|Any CPU.ActiveCfg = Debug|Any CPU
		{90A1C4E0-35B8-159C-E019-8AEDF8CE4398}.Debug|Any CPU.Build.0 = Debug|Any CPU
		{90A1C4E0-35B8-159C-E019-8AEDF8CE4398}.Release|Any CPU.ActiveCfg = Release|Any CPU
		{90A1C4E0-35B8-159C-E019-8AEDF8CE4398}.Release|Any CPU.Build.0 = Release|Any CPU
	EndGlobalSection
	GlobalSection(SolutionProperties) = preSolution
		HideSolutionNode = FALSE
	EndGlobalSection
	GlobalSection(ExtensibilityGlobals) = postSolution
		SolutionGuid = {BB991E2A-4B5D-4CE9-898A-09BE7ED50BB8}
	EndGlobalSection
EndGlobal
