Microsoft Visual Studio Solution File, Format Version 12.00
# Visual Studio Version 17
VisualStudioVersion = 17.5.2.0
MinimumVisualStudioVersion = 10.0.40219.1
Project("{FAE04EC0-301F-11D3-BF4B-00C04F79EFBC}") = "MyLearningProject", "MyLearningProject.csproj", "{DAA9AFCB-0794-BE01-1CB8-18E746819959}"
EndProject
Global
	GlobalSection(SolutionConfigurationPlatforms) = preSolution
		Debug|Any CPU = Debug|Any CPU
		Release|Any CPU = Release|Any CPU
	EndGlobalSection
	GlobalSection(ProjectConfigurationPlatforms) = postSolution
		{DAA9AFCB-0794-BE01-1CB8-18E746819959}.Debug|Any CPU.ActiveCfg = Debug|Any CPU
		{DAA9AFCB-0794-BE01-1CB8-18E746819959}.Debug|Any CPU.Build.0 = Debug|Any CPU
		{DAA9AFCB-0794-BE01-1CB8-18E746819959}.Release|Any CPU.ActiveCfg = Release|Any CPU
		{DAA9AFCB-0794-BE01-1CB8-18E746819959}.Release|Any CPU.Build.0 = Release|Any CPU
	EndGlobalSection
	GlobalSection(SolutionProperties) = preSolution
		HideSolutionNode = FALSE
	EndGlobalSection
	GlobalSection(ExtensibilityGlobals) = postSolution
		SolutionGuid = {73978CA6-DA32-4B38-9082-815F70727D27}
	EndGlobalSection
EndGlobal
